
Microsoft Visual Studio Solution File, Format Version 12.00
# Visual Studio Version 17
VisualStudioVersion = 17.13.36105.23 d17.13
MinimumVisualStudioVersion = 10.0.40219.1
Project("{FAE04EC0-301F-11D3-BF4B-00C04F79EFBC}") = "BankAccountManager", "BankAccountManager\BankAccountManager.csproj", "{9F508A5C-7F46-4090-8D4B-284CD984AB9B}"
EndProject
Global
	GlobalSection(SolutionConfigurationPlatforms) = preSolution
		Debug|Any CPU = Debug|Any CPU
		Release|Any CPU = Release|Any CPU
	EndGlobalSection
	GlobalSection(ProjectConfigurationPlatforms) = postSolution
		{9F508A5C-7F46-4090-8D4B-284CD984AB9B}.Debug|Any CPU.ActiveCfg = Debug|Any CPU
		{9F508A5C-7F46-4090-8D4B-284CD984AB9B}.Debug|Any CPU.Build.0 = Debug|Any CPU
		{9F508A5C-7F46-4090-8D4B-284CD984AB9B}.Release|Any CPU.ActiveCfg = Release|Any CPU
		{9F508A5C-7F46-4090-8D4B-284CD984AB9B}.Release|Any CPU.Build.0 = Release|Any CPU
	EndGlobalSection
	GlobalSection(SolutionProperties) = preSolution
		HideSolutionNode = FALSE
	EndGlobalSection
	GlobalSection(ExtensibilityGlobals) = postSolution
		SolutionGuid = {1EB34390-F04B-4603-94A4-7E12E7A5BEA7}
	EndGlobalSection
EndGlobal
