
Microsoft Visual Studio Solution File, Format Version 12.00
# Visual Studio Version 17
VisualStudioVersion = 17.13.36105.23 d17.13
MinimumVisualStudioVersion = 10.0.40219.1
Project("{FAE04EC0-301F-11D3-BF4B-00C04F79EFBC}") = "RectangleCalculator", "RectangleCalculator\RectangleCalculator.csproj", "{DE787884-D25E-403A-A879-3AD02ADB6971}"
EndProject
Global
	GlobalSection(SolutionConfigurationPlatforms) = preSolution
		Debug|Any CPU = Debug|Any CPU
		Release|Any CPU = Release|Any CPU
	EndGlobalSection
	GlobalSection(ProjectConfigurationPlatforms) = postSolution
		{DE787884-D25E-403A-A879-3AD02ADB6971}.Debug|Any CPU.ActiveCfg = Debug|Any CPU
		{DE787884-D25E-403A-A879-3AD02ADB6971}.Debug|Any CPU.Build.0 = Debug|Any CPU
		{DE787884-D25E-403A-A879-3AD02ADB6971}.Release|Any CPU.ActiveCfg = Release|Any CPU
		{DE787884-D25E-403A-A879-3AD02ADB6971}.Release|Any CPU.Build.0 = Release|Any CPU
	EndGlobalSection
	GlobalSection(SolutionProperties) = preSolution
		HideSolutionNode = FALSE
	EndGlobalSection
	GlobalSection(ExtensibilityGlobals) = postSolution
		SolutionGuid = {DE947E70-9518-446A-A347-EDC1CD747D3F}
	EndGlobalSection
EndGlobal
